<?xml version="1.0" encoding="utf-8"?>
<Project ToolsVersion="4.0" xmlns="http://schemas.microsoft.com/developer/msbuild/2003">
  <ItemGroup>
    <Filter Include="_Auto">
      <UniqueIdentifier>{a320a617-51ce-4a95-95bd-52f44d5c54e3}</UniqueIdentifier>
    </Filter>
    <Filter Include="_Auto\源文件">
      <UniqueIdentifier>{4FC737F1-C7A5-4376-A066-2A32D752A2FF}</UniqueIdentifier>
      <Extensions>cpp;c;cxx;def;odl;idl;hpj;bat;asm;asmx</Extensions>
    </Filter>
    <Filter Include="_Auto\头文件">
      <UniqueIdentifier>{93995380-89BD-4b04-88EB-625FBE52EBFB}</UniqueIdentifier>
      <Extensions>h;hpp;hxx;hm;inl;inc;xsd</Extensions>
    </Filter>
    <Filter Include="_Auto\资源文件">
      <UniqueIdentifier>{67DA6AB6-F800-4c08-8B7A-83BB121AAD01}</UniqueIdentifier>
      <Extensions>rc;ico;cur;bmp;dlg;rc2;rct;bin;rgs;gif;jpg;jpeg;jpe;resx</Extensions>
    </Filter>
    <Filter Include="Logic">
      <UniqueIdentifier>{236c0815-474a-4790-9aff-2ca650d1943b}</UniqueIdentifier>
    </Filter>
  </ItemGroup>
  <ItemGroup>
    <Text Include="ReadMe.txt">
      <Filter>_Auto</Filter>
    </Text>
  </ItemGroup>
  <ItemGroup>
    <ClCompile Include="_CEnergy_Manual_Data.cpp">
      <Filter>_Auto\源文件</Filter>
    </ClCompile>
    <ClCompile Include="_CEnergy_Unit_Mag.cpp">
      <Filter>_Auto\源文件</Filter>
    </ClCompile>
    <ClCompile Include="_CEnergyConsumption.cpp">
      <Filter>_Auto\源文件</Filter>
    </ClCompile>
    <ClCompile Include="_CEnergyHistoryData.cpp">
      <Filter>_Auto\源文件</Filter>
    </ClCompile>
    <ClCompile Include="_CEnergyRunTimeData.cpp">
      <Filter>_Auto\源文件</Filter>
    </ClCompile>
    <ClCompile Include="_CLF_Temp_Control.cpp">
      <Filter>_Auto\源文件</Filter>
    </ClCompile>
    <ClCompile Include="EnergyMag.cpp">
      <Filter>_Auto\源文件</Filter>
    </ClCompile>
    <ClCompile Include="stdafx.cpp">
      <Filter>_Auto\源文件</Filter>
    </ClCompile>
    <ClCompile Include="CEnergy_Manual_Data.cpp">
      <Filter>Logic</Filter>
    </ClCompile>
    <ClCompile Include="CEnergy_Unit_Mag.cpp">
      <Filter>Logic</Filter>
    </ClCompile>
    <ClCompile Include="CEnergyConsumption.cpp">
      <Filter>Logic</Filter>
    </ClCompile>
    <ClCompile Include="CEnergyHistoryData.cpp">
      <Filter>Logic</Filter>
    </ClCompile>
    <ClCompile Include="CEnergyRunTimeData.cpp">
      <Filter>Logic</Filter>
    </ClCompile>
    <ClCompile Include="CLF_Temp_Control.cpp">
      <Filter>Logic</Filter>
    </ClCompile>
  </ItemGroup>
  <ItemGroup>
    <None Include="EnergyMag.def">
      <Filter>_Auto\源文件</Filter>
    </None>
  </ItemGroup>
  <ItemGroup>
    <ClInclude Include="_CEnergy_Manual_Data.h">
      <Filter>_Auto\头文件</Filter>
    </ClInclude>
    <ClInclude Include="_CEnergy_Unit_Mag.h">
      <Filter>_Auto\头文件</Filter>
    </ClInclude>
    <ClInclude Include="_CEnergyConsumption.h">
      <Filter>_Auto\头文件</Filter>
    </ClInclude>
    <ClInclude Include="_CEnergyHistoryData.h">
      <Filter>_Auto\头文件</Filter>
    </ClInclude>
    <ClInclude Include="_CEnergyRunTimeData.h">
      <Filter>_Auto\头文件</Filter>
    </ClInclude>
    <ClInclude Include="_CLF_Temp_Control.h">
      <Filter>_Auto\头文件</Filter>
    </ClInclude>
    <ClInclude Include="EnergyMag.h">
      <Filter>_Auto\头文件</Filter>
    </ClInclude>
    <ClInclude Include="Resource.h">
      <Filter>_Auto\头文件</Filter>
    </ClInclude>
    <ClInclude Include="stdafx.h">
      <Filter>_Auto\头文件</Filter>
    </ClInclude>
  </ItemGroup>
  <ItemGroup>
    <ResourceCompile Include="EnergyMag.rc">
      <Filter>_Auto\资源文件</Filter>
    </ResourceCompile>
  </ItemGroup>
</Project>