
Microsoft Visual Studio Solution File, Format Version 9.00
# Visual Studio 2005
Project("{8BC9CEB8-8B4A-11D0-8D11-00A0C91BC942}") = "BFMag", "BFMag\BFMag.vcproj", "{9F92932C-805E-4806-B033-3480FCFD5D55}"
	ProjectSection(WebsiteProperties) = preProject
		Debug.AspNetCompiler.Debug = "True"
		Release.AspNetCompiler.Debug = "False"
	EndProjectSection
	ProjectSection(ProjectDependencies) = postProject
		{BD547361-F943-43BA-9F54-36F862004ABA} = {BD547361-F943-43BA-9F54-36F862004ABA}
	EndProjectSection
EndProject
Project("{8BC9CEB8-8B4A-11D0-8D11-00A0C91BC942}") = "ScrapStoreMag", "ScrapStoreMag\ScrapStoreMag.vcproj", "{7DB2DD4E-0601-4379-91F5-B52DA6BD0DB1}"
	ProjectSection(WebsiteProperties) = preProject
		Debug.AspNetCompiler.Debug = "True"
		Release.AspNetCompiler.Debug = "False"
	EndProjectSection
EndProject
Project("{8BC9CEB8-8B4A-11D0-8D11-00A0C91BC942}") = "BloomStoreMag", "BloomStoreMag\BloomStoreMag.vcproj", "{BA7AAD5A-CA09-4C64-9E80-12B701CC3D74}"
	ProjectSection(WebsiteProperties) = preProject
		Debug.AspNetCompiler.Debug = "True"
		Release.AspNetCompiler.Debug = "False"
	EndProjectSection
EndProject
Project("{8BC9CEB8-8B4A-11D0-8D11-00A0C91BC942}") = "AlloyStoreMag", "AlloyStoreMag\AlloyStoreMag.vcproj", "{4547AC68-7DF3-447C-A0AB-C76FD346FC92}"
	ProjectSection(WebsiteProperties) = preProject
		Debug.AspNetCompiler.Debug = "True"
		Release.AspNetCompiler.Debug = "False"
	EndProjectSection
EndProject
Project("{8BC9CEB8-8B4A-11D0-8D11-00A0C91BC942}") = "BulkStoreMag", "BulkStoreMag\BulkStoreMag.vcproj", "{221DBF4F-3945-4875-AF52-5EA7F8423235}"
	ProjectSection(WebsiteProperties) = preProject
		Debug.AspNetCompiler.Debug = "True"
		Release.AspNetCompiler.Debug = "False"
	EndProjectSection
EndProject
Project("{8BC9CEB8-8B4A-11D0-8D11-00A0C91BC942}") = "LadleMag", "LadleMag\LadleMag.vcproj", "{BFFB7466-2DE6-43B7-88E0-43A9EE4EE381}"
	ProjectSection(WebsiteProperties) = preProject
		Debug.AspNetCompiler.Debug = "True"
		Release.AspNetCompiler.Debug = "False"
	EndProjectSection
EndProject
Project("{8BC9CEB8-8B4A-11D0-8D11-00A0C91BC942}") = "MoldMag", "MoldMag\MoldMag.vcproj", "{297CE035-A704-4E84-B9D9-12977F8F11EB}"
	ProjectSection(WebsiteProperties) = preProject
		Debug.AspNetCompiler.Debug = "True"
		Release.AspNetCompiler.Debug = "False"
	EndProjectSection
EndProject
Project("{8BC9CEB8-8B4A-11D0-8D11-00A0C91BC942}") = "IronLadleMag", "IronLadleMag\IronLadleMag.vcproj", "{99A9FE81-7CA0-49C0-A8E3-F07E3FF44150}"
	ProjectSection(WebsiteProperties) = preProject
		Debug.AspNetCompiler.Debug = "True"
		Release.AspNetCompiler.Debug = "False"
	EndProjectSection
EndProject
Project("{8BC9CEB8-8B4A-11D0-8D11-00A0C91BC942}") = "LanceMag", "LanceMag\LanceMag.vcproj", "{CD7D954C-11BD-4E7C-93B6-28D55C3B673A}"
	ProjectSection(WebsiteProperties) = preProject
		Debug.AspNetCompiler.Debug = "True"
		Release.AspNetCompiler.Debug = "False"
	EndProjectSection
EndProject
Project("{8BC9CEB8-8B4A-11D0-8D11-00A0C91BC942}") = "VacTubeMag", "VacTubeMag\VacTubeMag.vcproj", "{8DD67A89-410D-47CC-B186-DB883451B55B}"
	ProjectSection(WebsiteProperties) = preProject
		Debug.AspNetCompiler.Debug = "True"
		Release.AspNetCompiler.Debug = "False"
	EndProjectSection
EndProject
Project("{8BC9CEB8-8B4A-11D0-8D11-00A0C91BC942}") = "TundishMag", "TundishMag\TundishMag.vcproj", "{157441C6-0718-4E08-B768-6CC2CE195EB2}"
	ProjectSection(WebsiteProperties) = preProject
		Debug.AspNetCompiler.Debug = "True"
		Release.AspNetCompiler.Debug = "False"
	EndProjectSection
EndProject
Project("{8BC9CEB8-8B4A-11D0-8D11-00A0C91BC942}") = "BOFMag", "BOFMag\BOFMag.vcproj", "{8F312B3B-358B-4960-912C-3FAEEEF19234}"
	ProjectSection(WebsiteProperties) = preProject
		Debug.AspNetCompiler.Debug = "True"
		Release.AspNetCompiler.Debug = "False"
	EndProjectSection
EndProject
Project("{8BC9CEB8-8B4A-11D0-8D11-00A0C91BC942}") = "LFMag", "LFMag\LFMag.vcproj", "{E3DD60C1-C415-4993-BCD6-4FB57D621983}"
	ProjectSection(WebsiteProperties) = preProject
		Debug.AspNetCompiler.Debug = "True"
		Release.AspNetCompiler.Debug = "False"
	EndProjectSection
EndProject
Project("{8BC9CEB8-8B4A-11D0-8D11-00A0C91BC942}") = "AODMag", "RHMag\RHMag.vcproj", "{BCDCE8BF-3DCF-41B3-A985-077D01741BCB}"
	ProjectSection(WebsiteProperties) = preProject
		Debug.AspNetCompiler.Debug = "True"
		Release.AspNetCompiler.Debug = "False"
	EndProjectSection
EndProject
Project("{8BC9CEB8-8B4A-11D0-8D11-00A0C91BC942}") = "CCMMag", "CCMMag\CCMMag.vcproj", "{59778CBF-CDFF-47C7-8DDB-869DFAEBB74C}"
	ProjectSection(WebsiteProperties) = preProject
		Debug.AspNetCompiler.Debug = "True"
		Release.AspNetCompiler.Debug = "False"
	EndProjectSection
EndProject
Project("{8BC9CEB8-8B4A-11D0-8D11-00A0C91BC942}") = "MIXFMag", "MIXFMag\MIXFMag.vcproj", "{7C4F4DB1-BA58-4658-86ED-647CF4E9359E}"
	ProjectSection(WebsiteProperties) = preProject
		Debug.AspNetCompiler.Debug = "True"
		Release.AspNetCompiler.Debug = "False"
	EndProjectSection
EndProject
Project("{8BC9CEB8-8B4A-11D0-8D11-00A0C91BC942}") = "TapSideMag", "TapSideMag\TapSideMag.vcproj", "{938EB160-E401-46AF-A7E6-E5EC5EE7B176}"
	ProjectSection(WebsiteProperties) = preProject
		Debug.AspNetCompiler.Debug = "True"
		Release.AspNetCompiler.Debug = "False"
	EndProjectSection
EndProject
Project("{8BC9CEB8-8B4A-11D0-8D11-00A0C91BC942}") = "PlanMag", "PlanMag\PlanMag.vcproj", "{CB9F1BC5-FF8C-4946-B8CE-ED8233A61D82}"
	ProjectSection(WebsiteProperties) = preProject
		Debug.AspNetCompiler.Debug = "True"
		Release.AspNetCompiler.Debug = "False"
	EndProjectSection
EndProject
Project("{8BC9CEB8-8B4A-11D0-8D11-00A0C91BC942}") = "DispatchMag", "DispatchMag\DispatchMag.vcproj", "{409F2BB2-278A-4EA3-82C2-C33CCB2C2F65}"
	ProjectSection(WebsiteProperties) = preProject
		Debug.AspNetCompiler.Debug = "True"
		Release.AspNetCompiler.Debug = "False"
	EndProjectSection
EndProject
Project("{8BC9CEB8-8B4A-11D0-8D11-00A0C91BC942}") = "QualityMag", "QualityMag\QualityMag.vcproj", "{9759D3E9-1315-4FBF-BD0E-3DA15A24BF01}"
	ProjectSection(WebsiteProperties) = preProject
		Debug.AspNetCompiler.Debug = "True"
		Release.AspNetCompiler.Debug = "False"
	EndProjectSection
EndProject
Project("{8BC9CEB8-8B4A-11D0-8D11-00A0C91BC942}") = "BaseDataMag", "BaseDataMag\BaseDataMag.vcproj", "{BD547361-F943-43BA-9F54-36F862004ABA}"
	ProjectSection(WebsiteProperties) = preProject
		Debug.AspNetCompiler.Debug = "True"
		Release.AspNetCompiler.Debug = "False"
	EndProjectSection
EndProject
Project("{8BC9CEB8-8B4A-11D0-8D11-00A0C91BC942}") = "DEPMag", "ShiftTeamMag\ShiftTeamMag.vcproj", "{F09716A6-54CD-4989-A25A-272D85924018}"
	ProjectSection(WebsiteProperties) = preProject
		Debug.AspNetCompiler.Debug = "True"
		Release.AspNetCompiler.Debug = "False"
	EndProjectSection
EndProject
Project("{8BC9CEB8-8B4A-11D0-8D11-00A0C91BC942}") = "L2CommLogicObj", "L2CommLogicObj\L2CommLogicObj.vcproj", "{F419196B-39D1-4A58-A90F-3963B4872464}"
	ProjectSection(WebsiteProperties) = preProject
		Debug.AspNetCompiler.Debug = "True"
		Release.AspNetCompiler.Debug = "False"
	EndProjectSection
EndProject
Project("{8BC9CEB8-8B4A-11D0-8D11-00A0C91BC942}") = "EquipMag", "EquipMag\EquipMag.vcproj", "{470A429A-CBE2-46AF-9794-92E2868569CD}"
	ProjectSection(WebsiteProperties) = preProject
		Debug.AspNetCompiler.Debug = "True"
		Release.AspNetCompiler.Debug = "False"
	EndProjectSection
EndProject
Project("{8BC9CEB8-8B4A-11D0-8D11-00A0C91BC942}") = "DeSMag", "DeSMag\DeSMag.vcproj", "{971A4209-8A43-4ADC-AACE-802462128D33}"
	ProjectSection(WebsiteProperties) = preProject
		Debug.AspNetCompiler.Debug = "True"
		Release.AspNetCompiler.Debug = "False"
	EndProjectSection
EndProject
Project("{8BC9CEB8-8B4A-11D0-8D11-00A0C91BC942}") = "EnergyMag", "EnergyMag\EnergyMag.vcproj", "{7379A7A0-2652-47FA-8E65-24FCCF826089}"
	ProjectSection(WebsiteProperties) = preProject
		Debug.AspNetCompiler.Debug = "True"
		Release.AspNetCompiler.Debug = "False"
	EndProjectSection
EndProject
Project("{8BC9CEB8-8B4A-11D0-8D11-00A0C91BC942}") = "rcwMag", "rcwMag\Energy1Mag.vcproj", "{D4E19198-EB43-468D-A231-BDA411A1D33C}"
	ProjectSection(WebsiteProperties) = preProject
		Debug.AspNetCompiler.Debug = "True"
		Release.AspNetCompiler.Debug = "False"
	EndProjectSection
EndProject
Project("{8BC9CEB8-8B4A-11D0-8D11-00A0C91BC942}") = "newMag", "newMag\newMag.vcproj", "{CA8AAB4A-BC98-446B-84BA-E0E9DA8713EB}"
	ProjectSection(WebsiteProperties) = preProject
		Debug.AspNetCompiler.Debug = "True"
		Release.AspNetCompiler.Debug = "False"
	EndProjectSection
EndProject
Global
	GlobalSection(SolutionConfigurationPlatforms) = preSolution
		Debug|Any CPU = Debug|Any CPU
		Debug|Mixed Platforms = Debug|Mixed Platforms
		Debug|Win32 = Debug|Win32
		Release|Any CPU = Release|Any CPU
		Release|Mixed Platforms = Release|Mixed Platforms
		Release|Win32 = Release|Win32
		Unicode Debug|Any CPU = Unicode Debug|Any CPU
		Unicode Debug|Mixed Platforms = Unicode Debug|Mixed Platforms
		Unicode Debug|Win32 = Unicode Debug|Win32
		Unicode Release|Any CPU = Unicode Release|Any CPU
		Unicode Release|Mixed Platforms = Unicode Release|Mixed Platforms
		Unicode Release|Win32 = Unicode Release|Win32
	EndGlobalSection
	GlobalSection(ProjectConfigurationPlatforms) = postSolution
		{9F92932C-805E-4806-B033-3480FCFD5D55}.Debug|Any CPU.ActiveCfg = Unicode Release|Win32
		{9F92932C-805E-4806-B033-3480FCFD5D55}.Debug|Mixed Platforms.ActiveCfg = Unicode Release|Win32
		{9F92932C-805E-4806-B033-3480FCFD5D55}.Debug|Mixed Platforms.Build.0 = Unicode Release|Win32
		{9F92932C-805E-4806-B033-3480FCFD5D55}.Debug|Win32.ActiveCfg = Unicode Debug|Win32
		{9F92932C-805E-4806-B033-3480FCFD5D55}.Debug|Win32.Build.0 = Unicode Debug|Win32
		{9F92932C-805E-4806-B033-3480FCFD5D55}.Release|Any CPU.ActiveCfg = Unicode Release|Win32
		{9F92932C-805E-4806-B033-3480FCFD5D55}.Release|Mixed Platforms.ActiveCfg = Unicode Release|Win32
		{9F92932C-805E-4806-B033-3480FCFD5D55}.Release|Mixed Platforms.Build.0 = Unicode Release|Win32
		{9F92932C-805E-4806-B033-3480FCFD5D55}.Release|Win32.ActiveCfg = Unicode Release|Win32
		{9F92932C-805E-4806-B033-3480FCFD5D55}.Release|Win32.Build.0 = Unicode Release|Win32
		{9F92932C-805E-4806-B033-3480FCFD5D55}.Unicode Debug|Any CPU.ActiveCfg = Unicode Debug|Win32
		{9F92932C-805E-4806-B033-3480FCFD5D55}.Unicode Debug|Mixed Platforms.ActiveCfg = Unicode Debug|Win32
		{9F92932C-805E-4806-B033-3480FCFD5D55}.Unicode Debug|Mixed Platforms.Build.0 = Unicode Debug|Win32
		{9F92932C-805E-4806-B033-3480FCFD5D55}.Unicode Debug|Win32.ActiveCfg = Unicode Debug|Win32
		{9F92932C-805E-4806-B033-3480FCFD5D55}.Unicode Debug|Win32.Build.0 = Unicode Debug|Win32
		{9F92932C-805E-4806-B033-3480FCFD5D55}.Unicode Release|Any CPU.ActiveCfg = Unicode Release|Win32
		{9F92932C-805E-4806-B033-3480FCFD5D55}.Unicode Release|Mixed Platforms.ActiveCfg = Unicode Release|Win32
		{9F92932C-805E-4806-B033-3480FCFD5D55}.Unicode Release|Mixed Platforms.Build.0 = Unicode Release|Win32
		{9F92932C-805E-4806-B033-3480FCFD5D55}.Unicode Release|Win32.ActiveCfg = Unicode Release|Win32
		{9F92932C-805E-4806-B033-3480FCFD5D55}.Unicode Release|Win32.Build.0 = Unicode Release|Win32
		{7DB2DD4E-0601-4379-91F5-B52DA6BD0DB1}.Debug|Any CPU.ActiveCfg = Unicode Release|Win32
		{7DB2DD4E-0601-4379-91F5-B52DA6BD0DB1}.Debug|Mixed Platforms.ActiveCfg = Unicode Release|Win32
		{7DB2DD4E-0601-4379-91F5-B52DA6BD0DB1}.Debug|Mixed Platforms.Build.0 = Unicode Release|Win32
		{7DB2DD4E-0601-4379-91F5-B52DA6BD0DB1}.Debug|Win32.ActiveCfg = Unicode Debug|Win32
		{7DB2DD4E-0601-4379-91F5-B52DA6BD0DB1}.Debug|Win32.Build.0 = Unicode Debug|Win32
		{7DB2DD4E-0601-4379-91F5-B52DA6BD0DB1}.Release|Any CPU.ActiveCfg = Unicode Release|Win32
		{7DB2DD4E-0601-4379-91F5-B52DA6BD0DB1}.Release|Mixed Platforms.ActiveCfg = Unicode Release|Win32
		{7DB2DD4E-0601-4379-91F5-B52DA6BD0DB1}.Release|Mixed Platforms.Build.0 = Unicode Release|Win32
		{7DB2DD4E-0601-4379-91F5-B52DA6BD0DB1}.Release|Win32.ActiveCfg = Unicode Release|Win32
		{7DB2DD4E-0601-4379-91F5-B52DA6BD0DB1}.Release|Win32.Build.0 = Unicode Release|Win32
		{7DB2DD4E-0601-4379-91F5-B52DA6BD0DB1}.Unicode Debug|Any CPU.ActiveCfg = Unicode Debug|Win32
		{7DB2DD4E-0601-4379-91F5-B52DA6BD0DB1}.Unicode Debug|Mixed Platforms.ActiveCfg = Unicode Debug|Win32
		{7DB2DD4E-0601-4379-91F5-B52DA6BD0DB1}.Unicode Debug|Mixed Platforms.Build.0 = Unicode Debug|Win32
		{7DB2DD4E-0601-4379-91F5-B52DA6BD0DB1}.Unicode Debug|Win32.ActiveCfg = Unicode Debug|Win32
		{7DB2DD4E-0601-4379-91F5-B52DA6BD0DB1}.Unicode Debug|Win32.Build.0 = Unicode Debug|Win32
		{7DB2DD4E-0601-4379-91F5-B52DA6BD0DB1}.Unicode Release|Any CPU.ActiveCfg = Unicode Release|Win32
		{7DB2DD4E-0601-4379-91F5-B52DA6BD0DB1}.Unicode Release|Mixed Platforms.ActiveCfg = Unicode Release|Win32
		{7DB2DD4E-0601-4379-91F5-B52DA6BD0DB1}.Unicode Release|Mixed Platforms.Build.0 = Unicode Release|Win32
		{7DB2DD4E-0601-4379-91F5-B52DA6BD0DB1}.Unicode Release|Win32.ActiveCfg = Unicode Release|Win32
		{7DB2DD4E-0601-4379-91F5-B52DA6BD0DB1}.Unicode Release|Win32.Build.0 = Unicode Release|Win32
		{BA7AAD5A-CA09-4C64-9E80-12B701CC3D74}.Debug|Any CPU.ActiveCfg = Unicode Release|Win32
		{BA7AAD5A-CA09-4C64-9E80-12B701CC3D74}.Debug|Mixed Platforms.ActiveCfg = Unicode Release|Win32
		{BA7AAD5A-CA09-4C64-9E80-12B701CC3D74}.Debug|Mixed Platforms.Build.0 = Unicode Release|Win32
		{BA7AAD5A-CA09-4C64-9E80-12B701CC3D74}.Debug|Win32.ActiveCfg = Unicode Debug|Win32
		{BA7AAD5A-CA09-4C64-9E80-12B701CC3D74}.Debug|Win32.Build.0 = Unicode Debug|Win32
		{BA7AAD5A-CA09-4C64-9E80-12B701CC3D74}.Release|Any CPU.ActiveCfg = Unicode Release|Win32
		{BA7AAD5A-CA09-4C64-9E80-12B701CC3D74}.Release|Mixed Platforms.ActiveCfg = Unicode Release|Win32
		{BA7AAD5A-CA09-4C64-9E80-12B701CC3D74}.Release|Mixed Platforms.Build.0 = Unicode Release|Win32
		{BA7AAD5A-CA09-4C64-9E80-12B701CC3D74}.Release|Win32.ActiveCfg = Unicode Release|Win32
		{BA7AAD5A-CA09-4C64-9E80-12B701CC3D74}.Release|Win32.Build.0 = Unicode Release|Win32
		{BA7AAD5A-CA09-4C64-9E80-12B701CC3D74}.Unicode Debug|Any CPU.ActiveCfg = Unicode Debug|Win32
		{BA7AAD5A-CA09-4C64-9E80-12B701CC3D74}.Unicode Debug|Mixed Platforms.ActiveCfg = Unicode Debug|Win32
		{BA7AAD5A-CA09-4C64-9E80-12B701CC3D74}.Unicode Debug|Mixed Platforms.Build.0 = Unicode Debug|Win32
		{BA7AAD5A-CA09-4C64-9E80-12B701CC3D74}.Unicode Debug|Win32.ActiveCfg = Unicode Debug|Win32
		{BA7AAD5A-CA09-4C64-9E80-12B701CC3D74}.Unicode Debug|Win32.Build.0 = Unicode Debug|Win32
		{BA7AAD5A-CA09-4C64-9E80-12B701CC3D74}.Unicode Release|Any CPU.ActiveCfg = Unicode Release|Win32
		{BA7AAD5A-CA09-4C64-9E80-12B701CC3D74}.Unicode Release|Mixed Platforms.ActiveCfg = Unicode Release|Win32
		{BA7AAD5A-CA09-4C64-9E80-12B701CC3D74}.Unicode Release|Mixed Platforms.Build.0 = Unicode Release|Win32
		{BA7AAD5A-CA09-4C64-9E80-12B701CC3D74}.Unicode Release|Win32.ActiveCfg = Unicode Release|Win32
		{BA7AAD5A-CA09-4C64-9E80-12B701CC3D74}.Unicode Release|Win32.Build.0 = Unicode Release|Win32
		{4547AC68-7DF3-447C-A0AB-C76FD346FC92}.Debug|Any CPU.ActiveCfg = Unicode Release|Win32
		{4547AC68-7DF3-447C-A0AB-C76FD346FC92}.Debug|Mixed Platforms.ActiveCfg = Unicode Release|Win32
		{4547AC68-7DF3-447C-A0AB-C76FD346FC92}.Debug|Mixed Platforms.Build.0 = Unicode Release|Win32
		{4547AC68-7DF3-447C-A0AB-C76FD346FC92}.Debug|Win32.ActiveCfg = Unicode Debug|Win32
		{4547AC68-7DF3-447C-A0AB-C76FD346FC92}.Debug|Win32.Build.0 = Unicode Debug|Win32
		{4547AC68-7DF3-447C-A0AB-C76FD346FC92}.Release|Any CPU.ActiveCfg = Unicode Release|Win32
		{4547AC68-7DF3-447C-A0AB-C76FD346FC92}.Release|Mixed Platforms.ActiveCfg = Unicode Release|Win32
		{4547AC68-7DF3-447C-A0AB-C76FD346FC92}.Release|Mixed Platforms.Build.0 = Unicode Release|Win32
		{4547AC68-7DF3-447C-A0AB-C76FD346FC92}.Release|Win32.ActiveCfg = Unicode Release|Win32
		{4547AC68-7DF3-447C-A0AB-C76FD346FC92}.Release|Win32.Build.0 = Unicode Release|Win32
		{4547AC68-7DF3-447C-A0AB-C76FD346FC92}.Unicode Debug|Any CPU.ActiveCfg = Unicode Debug|Win32
		{4547AC68-7DF3-447C-A0AB-C76FD346FC92}.Unicode Debug|Mixed Platforms.ActiveCfg = Unicode Debug|Win32
		{4547AC68-7DF3-447C-A0AB-C76FD346FC92}.Unicode Debug|Mixed Platforms.Build.0 = Unicode Debug|Win32
		{4547AC68-7DF3-447C-A0AB-C76FD346FC92}.Unicode Debug|Win32.ActiveCfg = Unicode Debug|Win32
		{4547AC68-7DF3-447C-A0AB-C76FD346FC92}.Unicode Debug|Win32.Build.0 = Unicode Debug|Win32
		{4547AC68-7DF3-447C-A0AB-C76FD346FC92}.Unicode Release|Any CPU.ActiveCfg = Unicode Release|Win32
		{4547AC68-7DF3-447C-A0AB-C76FD346FC92}.Unicode Release|Mixed Platforms.ActiveCfg = Unicode Release|Win32
		{4547AC68-7DF3-447C-A0AB-C76FD346FC92}.Unicode Release|Mixed Platforms.Build.0 = Unicode Release|Win32
		{4547AC68-7DF3-447C-A0AB-C76FD346FC92}.Unicode Release|Win32.ActiveCfg = Unicode Release|Win32
		{4547AC68-7DF3-447C-A0AB-C76FD346FC92}.Unicode Release|Win32.Build.0 = Unicode Release|Win32
		{221DBF4F-3945-4875-AF52-5EA7F8423235}.Debug|Any CPU.ActiveCfg = Unicode Release|Win32
		{221DBF4F-3945-4875-AF52-5EA7F8423235}.Debug|Mixed Platforms.ActiveCfg = Unicode Release|Win32
		{221DBF4F-3945-4875-AF52-5EA7F8423235}.Debug|Mixed Platforms.Build.0 = Unicode Release|Win32
		{221DBF4F-3945-4875-AF52-5EA7F8423235}.Debug|Win32.ActiveCfg = Unicode Debug|Win32
		{221DBF4F-3945-4875-AF52-5EA7F8423235}.Debug|Win32.Build.0 = Unicode Debug|Win32
		{221DBF4F-3945-4875-AF52-5EA7F8423235}.Release|Any CPU.ActiveCfg = Unicode Release|Win32
		{221DBF4F-3945-4875-AF52-5EA7F8423235}.Release|Mixed Platforms.ActiveCfg = Unicode Release|Win32
		{221DBF4F-3945-4875-AF52-5EA7F8423235}.Release|Mixed Platforms.Build.0 = Unicode Release|Win32
		{221DBF4F-3945-4875-AF52-5EA7F8423235}.Release|Win32.ActiveCfg = Unicode Release|Win32
		{221DBF4F-3945-4875-AF52-5EA7F8423235}.Release|Win32.Build.0 = Unicode Release|Win32
		{221DBF4F-3945-4875-AF52-5EA7F8423235}.Unicode Debug|Any CPU.ActiveCfg = Unicode Debug|Win32
		{221DBF4F-3945-4875-AF52-5EA7F8423235}.Unicode Debug|Mixed Platforms.ActiveCfg = Unicode Debug|Win32
		{221DBF4F-3945-4875-AF52-5EA7F8423235}.Unicode Debug|Mixed Platforms.Build.0 = Unicode Debug|Win32
		{221DBF4F-3945-4875-AF52-5EA7F8423235}.Unicode Debug|Win32.ActiveCfg = Unicode Debug|Win32
		{221DBF4F-3945-4875-AF52-5EA7F8423235}.Unicode Debug|Win32.Build.0 = Unicode Debug|Win32
		{221DBF4F-3945-4875-AF52-5EA7F8423235}.Unicode Release|Any CPU.ActiveCfg = Unicode Release|Win32
		{221DBF4F-3945-4875-AF52-5EA7F8423235}.Unicode Release|Mixed Platforms.ActiveCfg = Unicode Release|Win32
		{221DBF4F-3945-4875-AF52-5EA7F8423235}.Unicode Release|Mixed Platforms.Build.0 = Unicode Release|Win32
		{221DBF4F-3945-4875-AF52-5EA7F8423235}.Unicode Release|Win32.ActiveCfg = Unicode Release|Win32
		{221DBF4F-3945-4875-AF52-5EA7F8423235}.Unicode Release|Win32.Build.0 = Unicode Release|Win32
		{BFFB7466-2DE6-43B7-88E0-43A9EE4EE381}.Debug|Any CPU.ActiveCfg = Unicode Release|Win32
		{BFFB7466-2DE6-43B7-88E0-43A9EE4EE381}.Debug|Mixed Platforms.ActiveCfg = Unicode Release|Win32
		{BFFB7466-2DE6-43B7-88E0-43A9EE4EE381}.Debug|Mixed Platforms.Build.0 = Unicode Release|Win32
		{BFFB7466-2DE6-43B7-88E0-43A9EE4EE381}.Debug|Win32.ActiveCfg = Unicode Debug|Win32
		{BFFB7466-2DE6-43B7-88E0-43A9EE4EE381}.Debug|Win32.Build.0 = Unicode Debug|Win32
		{BFFB7466-2DE6-43B7-88E0-43A9EE4EE381}.Release|Any CPU.ActiveCfg = Unicode Release|Win32
		{BFFB7466-2DE6-43B7-88E0-43A9EE4EE381}.Release|Mixed Platforms.ActiveCfg = Unicode Release|Win32
		{BFFB7466-2DE6-43B7-88E0-43A9EE4EE381}.Release|Mixed Platforms.Build.0 = Unicode Release|Win32
		{BFFB7466-2DE6-43B7-88E0-43A9EE4EE381}.Release|Win32.ActiveCfg = Unicode Release|Win32
		{BFFB7466-2DE6-43B7-88E0-43A9EE4EE381}.Release|Win32.Build.0 = Unicode Release|Win32
		{BFFB7466-2DE6-43B7-88E0-43A9EE4EE381}.Unicode Debug|Any CPU.ActiveCfg = Unicode Debug|Win32
		{BFFB7466-2DE6-43B7-88E0-43A9EE4EE381}.Unicode Debug|Mixed Platforms.ActiveCfg = Unicode Debug|Win32
		{BFFB7466-2DE6-43B7-88E0-43A9EE4EE381}.Unicode Debug|Mixed Platforms.Build.0 = Unicode Debug|Win32
		{BFFB7466-2DE6-43B7-88E0-43A9EE4EE381}.Unicode Debug|Win32.ActiveCfg = Unicode Debug|Win32
		{BFFB7466-2DE6-43B7-88E0-43A9EE4EE381}.Unicode Debug|Win32.Build.0 = Unicode Debug|Win32
		{BFFB7466-2DE6-43B7-88E0-43A9EE4EE381}.Unicode Release|Any CPU.ActiveCfg = Unicode Release|Win32
		{BFFB7466-2DE6-43B7-88E0-43A9EE4EE381}.Unicode Release|Mixed Platforms.ActiveCfg = Unicode Release|Win32
		{BFFB7466-2DE6-43B7-88E0-43A9EE4EE381}.Unicode Release|Mixed Platforms.Build.0 = Unicode Release|Win32
		{BFFB7466-2DE6-43B7-88E0-43A9EE4EE381}.Unicode Release|Win32.ActiveCfg = Unicode Release|Win32
		{BFFB7466-2DE6-43B7-88E0-43A9EE4EE381}.Unicode Release|Win32.Build.0 = Unicode Release|Win32
		{297CE035-A704-4E84-B9D9-12977F8F11EB}.Debug|Any CPU.ActiveCfg = Unicode Release|Win32
		{297CE035-A704-4E84-B9D9-12977F8F11EB}.Debug|Mixed Platforms.ActiveCfg = Unicode Release|Win32
		{297CE035-A704-4E84-B9D9-12977F8F11EB}.Debug|Mixed Platforms.Build.0 = Unicode Release|Win32
		{297CE035-A704-4E84-B9D9-12977F8F11EB}.Debug|Win32.ActiveCfg = Unicode Debug|Win32
		{297CE035-A704-4E84-B9D9-12977F8F11EB}.Debug|Win32.Build.0 = Unicode Debug|Win32
		{297CE035-A704-4E84-B9D9-12977F8F11EB}.Release|Any CPU.ActiveCfg = Unicode Release|Win32
		{297CE035-A704-4E84-B9D9-12977F8F11EB}.Release|Mixed Platforms.ActiveCfg = Unicode Release|Win32
		{297CE035-A704-4E84-B9D9-12977F8F11EB}.Release|Mixed Platforms.Build.0 = Unicode Release|Win32
		{297CE035-A704-4E84-B9D9-12977F8F11EB}.Release|Win32.ActiveCfg = Unicode Release|Win32
		{297CE035-A704-4E84-B9D9-12977F8F11EB}.Release|Win32.Build.0 = Unicode Release|Win32
		{297CE035-A704-4E84-B9D9-12977F8F11EB}.Unicode Debug|Any CPU.ActiveCfg = Unicode Debug|Win32
		{297CE035-A704-4E84-B9D9-12977F8F11EB}.Unicode Debug|Mixed Platforms.ActiveCfg = Unicode Debug|Win32
		{297CE035-A704-4E84-B9D9-12977F8F11EB}.Unicode Debug|Mixed Platforms.Build.0 = Unicode Debug|Win32
		{297CE035-A704-4E84-B9D9-12977F8F11EB}.Unicode Debug|Win32.ActiveCfg = Unicode Debug|Win32
		{297CE035-A704-4E84-B9D9-12977F8F11EB}.Unicode Debug|Win32.Build.0 = Unicode Debug|Win32
		{297CE035-A704-4E84-B9D9-12977F8F11EB}.Unicode Release|Any CPU.ActiveCfg = Unicode Release|Win32
		{297CE035-A704-4E84-B9D9-12977F8F11EB}.Unicode Release|Mixed Platforms.ActiveCfg = Unicode Release|Win32
		{297CE035-A704-4E84-B9D9-12977F8F11EB}.Unicode Release|Mixed Platforms.Build.0 = Unicode Release|Win32
		{297CE035-A704-4E84-B9D9-12977F8F11EB}.Unicode Release|Win32.ActiveCfg = Unicode Release|Win32
		{297CE035-A704-4E84-B9D9-12977F8F11EB}.Unicode Release|Win32.Build.0 = Unicode Release|Win32
		{99A9FE81-7CA0-49C0-A8E3-F07E3FF44150}.Debug|Any CPU.ActiveCfg = Unicode Release|Win32
		{99A9FE81-7CA0-49C0-A8E3-F07E3FF44150}.Debug|Mixed Platforms.ActiveCfg = Unicode Release|Win32
		{99A9FE81-7CA0-49C0-A8E3-F07E3FF44150}.Debug|Mixed Platforms.Build.0 = Unicode Release|Win32
		{99A9FE81-7CA0-49C0-A8E3-F07E3FF44150}.Debug|Win32.ActiveCfg = Unicode Debug|Win32
		{99A9FE81-7CA0-49C0-A8E3-F07E3FF44150}.Debug|Win32.Build.0 = Unicode Debug|Win32
		{99A9FE81-7CA0-49C0-A8E3-F07E3FF44150}.Release|Any CPU.ActiveCfg = Unicode Release|Win32
		{99A9FE81-7CA0-49C0-A8E3-F07E3FF44150}.Release|Mixed Platforms.ActiveCfg = Unicode Release|Win32
		{99A9FE81-7CA0-49C0-A8E3-F07E3FF44150}.Release|Mixed Platforms.Build.0 = Unicode Release|Win32
		{99A9FE81-7CA0-49C0-A8E3-F07E3FF44150}.Release|Win32.ActiveCfg = Unicode Release|Win32
		{99A9FE81-7CA0-49C0-A8E3-F07E3FF44150}.Release|Win32.Build.0 = Unicode Release|Win32
		{99A9FE81-7CA0-49C0-A8E3-F07E3FF44150}.Unicode Debug|Any CPU.ActiveCfg = Unicode Debug|Win32
		{99A9FE81-7CA0-49C0-A8E3-F07E3FF44150}.Unicode Debug|Mixed Platforms.ActiveCfg = Unicode Debug|Win32
		{99A9FE81-7CA0-49C0-A8E3-F07E3FF44150}.Unicode Debug|Mixed Platforms.Build.0 = Unicode Debug|Win32
		{99A9FE81-7CA0-49C0-A8E3-F07E3FF44150}.Unicode Debug|Win32.ActiveCfg = Unicode Debug|Win32
		{99A9FE81-7CA0-49C0-A8E3-F07E3FF44150}.Unicode Debug|Win32.Build.0 = Unicode Debug|Win32
		{99A9FE81-7CA0-49C0-A8E3-F07E3FF44150}.Unicode Release|Any CPU.ActiveCfg = Unicode Release|Win32
		{99A9FE81-7CA0-49C0-A8E3-F07E3FF44150}.Unicode Release|Mixed Platforms.ActiveCfg = Unicode Release|Win32
		{99A9FE81-7CA0-49C0-A8E3-F07E3FF44150}.Unicode Release|Mixed Platforms.Build.0 = Unicode Release|Win32
		{99A9FE81-7CA0-49C0-A8E3-F07E3FF44150}.Unicode Release|Win32.ActiveCfg = Unicode Release|Win32
		{99A9FE81-7CA0-49C0-A8E3-F07E3FF44150}.Unicode Release|Win32.Build.0 = Unicode Release|Win32
		{CD7D954C-11BD-4E7C-93B6-28D55C3B673A}.Debug|Any CPU.ActiveCfg = Unicode Release|Win32
		{CD7D954C-11BD-4E7C-93B6-28D55C3B673A}.Debug|Mixed Platforms.ActiveCfg = Unicode Release|Win32
		{CD7D954C-11BD-4E7C-93B6-28D55C3B673A}.Debug|Mixed Platforms.Build.0 = Unicode Release|Win32
		{CD7D954C-11BD-4E7C-93B6-28D55C3B673A}.Debug|Win32.ActiveCfg = Unicode Debug|Win32
		{CD7D954C-11BD-4E7C-93B6-28D55C3B673A}.Debug|Win32.Build.0 = Unicode Debug|Win32
		{CD7D954C-11BD-4E7C-93B6-28D55C3B673A}.Release|Any CPU.ActiveCfg = Unicode Release|Win32
		{CD7D954C-11BD-4E7C-93B6-28D55C3B673A}.Release|Mixed Platforms.ActiveCfg = Unicode Release|Win32
		{CD7D954C-11BD-4E7C-93B6-28D55C3B673A}.Release|Mixed Platforms.Build.0 = Unicode Release|Win32
		{CD7D954C-11BD-4E7C-93B6-28D55C3B673A}.Release|Win32.ActiveCfg = Unicode Release|Win32
		{CD7D954C-11BD-4E7C-93B6-28D55C3B673A}.Release|Win32.Build.0 = Unicode Release|Win32
		{CD7D954C-11BD-4E7C-93B6-28D55C3B673A}.Unicode Debug|Any CPU.ActiveCfg = Unicode Debug|Win32
		{CD7D954C-11BD-4E7C-93B6-28D55C3B673A}.Unicode Debug|Mixed Platforms.ActiveCfg = Unicode Debug|Win32
		{CD7D954C-11BD-4E7C-93B6-28D55C3B673A}.Unicode Debug|Mixed Platforms.Build.0 = Unicode Debug|Win32
		{CD7D954C-11BD-4E7C-93B6-28D55C3B673A}.Unicode Debug|Win32.ActiveCfg = Unicode Debug|Win32
		{CD7D954C-11BD-4E7C-93B6-28D55C3B673A}.Unicode Debug|Win32.Build.0 = Unicode Debug|Win32
		{CD7D954C-11BD-4E7C-93B6-28D55C3B673A}.Unicode Release|Any CPU.ActiveCfg = Unicode Release|Win32
		{CD7D954C-11BD-4E7C-93B6-28D55C3B673A}.Unicode Release|Mixed Platforms.ActiveCfg = Unicode Release|Win32
		{CD7D954C-11BD-4E7C-93B6-28D55C3B673A}.Unicode Release|Mixed Platforms.Build.0 = Unicode Release|Win32
		{CD7D954C-11BD-4E7C-93B6-28D55C3B673A}.Unicode Release|Win32.ActiveCfg = Unicode Release|Win32
		{CD7D954C-11BD-4E7C-93B6-28D55C3B673A}.Unicode Release|Win32.Build.0 = Unicode Release|Win32
		{8DD67A89-410D-47CC-B186-DB883451B55B}.Debug|Any CPU.ActiveCfg = Unicode Release|Win32
		{8DD67A89-410D-47CC-B186-DB883451B55B}.Debug|Mixed Platforms.ActiveCfg = Unicode Release|Win32
		{8DD67A89-410D-47CC-B186-DB883451B55B}.Debug|Mixed Platforms.Build.0 = Unicode Release|Win32
		{8DD67A89-410D-47CC-B186-DB883451B55B}.Debug|Win32.ActiveCfg = Unicode Debug|Win32
		{8DD67A89-410D-47CC-B186-DB883451B55B}.Debug|Win32.Build.0 = Unicode Debug|Win32
		{8DD67A89-410D-47CC-B186-DB883451B55B}.Release|Any CPU.ActiveCfg = Unicode Release|Win32
		{8DD67A89-410D-47CC-B186-DB883451B55B}.Release|Mixed Platforms.ActiveCfg = Unicode Release|Win32
		{8DD67A89-410D-47CC-B186-DB883451B55B}.Release|Mixed Platforms.Build.0 = Unicode Release|Win32
		{8DD67A89-410D-47CC-B186-DB883451B55B}.Release|Win32.ActiveCfg = Unicode Release|Win32
		{8DD67A89-410D-47CC-B186-DB883451B55B}.Release|Win32.Build.0 = Unicode Release|Win32
		{8DD67A89-410D-47CC-B186-DB883451B55B}.Unicode Debug|Any CPU.ActiveCfg = Unicode Debug|Win32
		{8DD67A89-410D-47CC-B186-DB883451B55B}.Unicode Debug|Mixed Platforms.ActiveCfg = Unicode Debug|Win32
		{8DD67A89-410D-47CC-B186-DB883451B55B}.Unicode Debug|Mixed Platforms.Build.0 = Unicode Debug|Win32
		{8DD67A89-410D-47CC-B186-DB883451B55B}.Unicode Debug|Win32.ActiveCfg = Unicode Debug|Win32
		{8DD67A89-410D-47CC-B186-DB883451B55B}.Unicode Debug|Win32.Build.0 = Unicode Debug|Win32
		{8DD67A89-410D-47CC-B186-DB883451B55B}.Unicode Release|Any CPU.ActiveCfg = Unicode Release|Win32
		{8DD67A89-410D-47CC-B186-DB883451B55B}.Unicode Release|Mixed Platforms.ActiveCfg = Unicode Release|Win32
		{8DD67A89-410D-47CC-B186-DB883451B55B}.Unicode Release|Mixed Platforms.Build.0 = Unicode Release|Win32
		{8DD67A89-410D-47CC-B186-DB883451B55B}.Unicode Release|Win32.ActiveCfg = Unicode Release|Win32
		{8DD67A89-410D-47CC-B186-DB883451B55B}.Unicode Release|Win32.Build.0 = Unicode Release|Win32
		{157441C6-0718-4E08-B768-6CC2CE195EB2}.Debug|Any CPU.ActiveCfg = Unicode Release|Win32
		{157441C6-0718-4E08-B768-6CC2CE195EB2}.Debug|Mixed Platforms.ActiveCfg = Unicode Release|Win32
		{157441C6-0718-4E08-B768-6CC2CE195EB2}.Debug|Mixed Platforms.Build.0 = Unicode Release|Win32
		{157441C6-0718-4E08-B768-6CC2CE195EB2}.Debug|Win32.ActiveCfg = Unicode Debug|Win32
		{157441C6-0718-4E08-B768-6CC2CE195EB2}.Debug|Win32.Build.0 = Unicode Debug|Win32
		{157441C6-0718-4E08-B768-6CC2CE195EB2}.Release|Any CPU.ActiveCfg = Unicode Release|Win32
		{157441C6-0718-4E08-B768-6CC2CE195EB2}.Release|Mixed Platforms.ActiveCfg = Unicode Release|Win32
		{157441C6-0718-4E08-B768-6CC2CE195EB2}.Release|Mixed Platforms.Build.0 = Unicode Release|Win32
		{157441C6-0718-4E08-B768-6CC2CE195EB2}.Release|Win32.ActiveCfg = Unicode Release|Win32
		{157441C6-0718-4E08-B768-6CC2CE195EB2}.Release|Win32.Build.0 = Unicode Release|Win32
		{157441C6-0718-4E08-B768-6CC2CE195EB2}.Unicode Debug|Any CPU.ActiveCfg = Unicode Debug|Win32
		{157441C6-0718-4E08-B768-6CC2CE195EB2}.Unicode Debug|Mixed Platforms.ActiveCfg = Unicode Debug|Win32
		{157441C6-0718-4E08-B768-6CC2CE195EB2}.Unicode Debug|Mixed Platforms.Build.0 = Unicode Debug|Win32
		{157441C6-0718-4E08-B768-6CC2CE195EB2}.Unicode Debug|Win32.ActiveCfg = Unicode Debug|Win32
		{157441C6-0718-4E08-B768-6CC2CE195EB2}.Unicode Debug|Win32.Build.0 = Unicode Debug|Win32
		{157441C6-0718-4E08-B768-6CC2CE195EB2}.Unicode Release|Any CPU.ActiveCfg = Unicode Release|Win32
		{157441C6-0718-4E08-B768-6CC2CE195EB2}.Unicode Release|Mixed Platforms.ActiveCfg = Unicode Release|Win32
		{157441C6-0718-4E08-B768-6CC2CE195EB2}.Unicode Release|Mixed Platforms.Build.0 = Unicode Release|Win32
		{157441C6-0718-4E08-B768-6CC2CE195EB2}.Unicode Release|Win32.ActiveCfg = Unicode Release|Win32
		{157441C6-0718-4E08-B768-6CC2CE195EB2}.Unicode Release|Win32.Build.0 = Unicode Release|Win32
		{8F312B3B-358B-4960-912C-3FAEEEF19234}.Debug|Any CPU.ActiveCfg = Unicode Release|Win32
		{8F312B3B-358B-4960-912C-3FAEEEF19234}.Debug|Mixed Platforms.ActiveCfg = Unicode Release|Win32
		{8F312B3B-358B-4960-912C-3FAEEEF19234}.Debug|Mixed Platforms.Build.0 = Unicode Release|Win32
		{8F312B3B-358B-4960-912C-3FAEEEF19234}.Debug|Win32.ActiveCfg = Unicode Debug|Win32
		{8F312B3B-358B-4960-912C-3FAEEEF19234}.Debug|Win32.Build.0 = Unicode Debug|Win32
		{8F312B3B-358B-4960-912C-3FAEEEF19234}.Release|Any CPU.ActiveCfg = Unicode Release|Win32
		{8F312B3B-358B-4960-912C-3FAEEEF19234}.Release|Mixed Platforms.ActiveCfg = Unicode Release|Win32
		{8F312B3B-358B-4960-912C-3FAEEEF19234}.Release|Mixed Platforms.Build.0 = Unicode Release|Win32
		{8F312B3B-358B-4960-912C-3FAEEEF19234}.Release|Win32.ActiveCfg = Unicode Release|Win32
		{8F312B3B-358B-4960-912C-3FAEEEF19234}.Release|Win32.Build.0 = Unicode Release|Win32
		{8F312B3B-358B-4960-912C-3FAEEEF19234}.Unicode Debug|Any CPU.ActiveCfg = Unicode Debug|Win32
		{8F312B3B-358B-4960-912C-3FAEEEF19234}.Unicode Debug|Mixed Platforms.ActiveCfg = Unicode Debug|Win32
		{8F312B3B-358B-4960-912C-3FAEEEF19234}.Unicode Debug|Mixed Platforms.Build.0 = Unicode Debug|Win32
		{8F312B3B-358B-4960-912C-3FAEEEF19234}.Unicode Debug|Win32.ActiveCfg = Unicode Debug|Win32
		{8F312B3B-358B-4960-912C-3FAEEEF19234}.Unicode Debug|Win32.Build.0 = Unicode Debug|Win32
		{8F312B3B-358B-4960-912C-3FAEEEF19234}.Unicode Release|Any CPU.ActiveCfg = Unicode Release|Win32
		{8F312B3B-358B-4960-912C-3FAEEEF19234}.Unicode Release|Mixed Platforms.ActiveCfg = Unicode Release|Win32
		{8F312B3B-358B-4960-912C-3FAEEEF19234}.Unicode Release|Mixed Platforms.Build.0 = Unicode Release|Win32
		{8F312B3B-358B-4960-912C-3FAEEEF19234}.Unicode Release|Win32.ActiveCfg = Unicode Release|Win32
		{8F312B3B-358B-4960-912C-3FAEEEF19234}.Unicode Release|Win32.Build.0 = Unicode Release|Win32
		{E3DD60C1-C415-4993-BCD6-4FB57D621983}.Debug|Any CPU.ActiveCfg = Unicode Release|Win32
		{E3DD60C1-C415-4993-BCD6-4FB57D621983}.Debug|Mixed Platforms.ActiveCfg = Unicode Release|Win32
		{E3DD60C1-C415-4993-BCD6-4FB57D621983}.Debug|Mixed Platforms.Build.0 = Unicode Release|Win32
		{E3DD60C1-C415-4993-BCD6-4FB57D621983}.Debug|Win32.ActiveCfg = Unicode Debug|Win32
		{E3DD60C1-C415-4993-BCD6-4FB57D621983}.Debug|Win32.Build.0 = Unicode Debug|Win32
		{E3DD60C1-C415-4993-BCD6-4FB57D621983}.Release|Any CPU.ActiveCfg = Unicode Release|Win32
		{E3DD60C1-C415-4993-BCD6-4FB57D621983}.Release|Mixed Platforms.ActiveCfg = Unicode Release|Win32
		{E3DD60C1-C415-4993-BCD6-4FB57D621983}.Release|Mixed Platforms.Build.0 = Unicode Release|Win32
		{E3DD60C1-C415-4993-BCD6-4FB57D621983}.Release|Win32.ActiveCfg = Unicode Release|Win32
		{E3DD60C1-C415-4993-BCD6-4FB57D621983}.Release|Win32.Build.0 = Unicode Release|Win32
		{E3DD60C1-C415-4993-BCD6-4FB57D621983}.Unicode Debug|Any CPU.ActiveCfg = Unicode Debug|Win32
		{E3DD60C1-C415-4993-BCD6-4FB57D621983}.Unicode Debug|Mixed Platforms.ActiveCfg = Unicode Debug|Win32
		{E3DD60C1-C415-4993-BCD6-4FB57D621983}.Unicode Debug|Mixed Platforms.Build.0 = Unicode Debug|Win32
		{E3DD60C1-C415-4993-BCD6-4FB57D621983}.Unicode Debug|Win32.ActiveCfg = Unicode Debug|Win32
		{E3DD60C1-C415-4993-BCD6-4FB57D621983}.Unicode Debug|Win32.Build.0 = Unicode Debug|Win32
		{E3DD60C1-C415-4993-BCD6-4FB57D621983}.Unicode Release|Any CPU.ActiveCfg = Unicode Release|Win32
		{E3DD60C1-C415-4993-BCD6-4FB57D621983}.Unicode Release|Mixed Platforms.ActiveCfg = Unicode Release|Win32
		{E3DD60C1-C415-4993-BCD6-4FB57D621983}.Unicode Release|Mixed Platforms.Build.0 = Unicode Release|Win32
		{E3DD60C1-C415-4993-BCD6-4FB57D621983}.Unicode Release|Win32.ActiveCfg = Unicode Release|Win32
		{E3DD60C1-C415-4993-BCD6-4FB57D621983}.Unicode Release|Win32.Build.0 = Unicode Release|Win32
		{BCDCE8BF-3DCF-41B3-A985-077D01741BCB}.Debug|Any CPU.ActiveCfg = Unicode Release|Win32
		{BCDCE8BF-3DCF-41B3-A985-077D01741BCB}.Debug|Mixed Platforms.ActiveCfg = Unicode Release|Win32
		{BCDCE8BF-3DCF-41B3-A985-077D01741BCB}.Debug|Mixed Platforms.Build.0 = Unicode Release|Win32
		{BCDCE8BF-3DCF-41B3-A985-077D01741BCB}.Debug|Win32.ActiveCfg = Unicode Debug|Win32
		{BCDCE8BF-3DCF-41B3-A985-077D01741BCB}.Debug|Win32.Build.0 = Unicode Debug|Win32
		{BCDCE8BF-3DCF-41B3-A985-077D01741BCB}.Release|Any CPU.ActiveCfg = Unicode Release|Win32
		{BCDCE8BF-3DCF-41B3-A985-077D01741BCB}.Release|Mixed Platforms.ActiveCfg = Unicode Release|Win32
		{BCDCE8BF-3DCF-41B3-A985-077D01741BCB}.Release|Mixed Platforms.Build.0 = Unicode Release|Win32
		{BCDCE8BF-3DCF-41B3-A985-077D01741BCB}.Release|Win32.ActiveCfg = Unicode Release|Win32
		{BCDCE8BF-3DCF-41B3-A985-077D01741BCB}.Release|Win32.Build.0 = Unicode Release|Win32
		{BCDCE8BF-3DCF-41B3-A985-077D01741BCB}.Unicode Debug|Any CPU.ActiveCfg = Unicode Debug|Win32
		{BCDCE8BF-3DCF-41B3-A985-077D01741BCB}.Unicode Debug|Mixed Platforms.ActiveCfg = Unicode Debug|Win32
		{BCDCE8BF-3DCF-41B3-A985-077D01741BCB}.Unicode Debug|Mixed Platforms.Build.0 = Unicode Debug|Win32
		{BCDCE8BF-3DCF-41B3-A985-077D01741BCB}.Unicode Debug|Win32.ActiveCfg = Unicode Debug|Win32
		{BCDCE8BF-3DCF-41B3-A985-077D01741BCB}.Unicode Debug|Win32.Build.0 = Unicode Debug|Win32
		{BCDCE8BF-3DCF-41B3-A985-077D01741BCB}.Unicode Release|Any CPU.ActiveCfg = Unicode Release|Win32
		{BCDCE8BF-3DCF-41B3-A985-077D01741BCB}.Unicode Release|Mixed Platforms.ActiveCfg = Unicode Release|Win32
		{BCDCE8BF-3DCF-41B3-A985-077D01741BCB}.Unicode Release|Mixed Platforms.Build.0 = Unicode Release|Win32
		{BCDCE8BF-3DCF-41B3-A985-077D01741BCB}.Unicode Release|Win32.ActiveCfg = Unicode Release|Win32
		{BCDCE8BF-3DCF-41B3-A985-077D01741BCB}.Unicode Release|Win32.Build.0 = Unicode Release|Win32
		{59778CBF-CDFF-47C7-8DDB-869DFAEBB74C}.Debug|Any CPU.ActiveCfg = Unicode Release|Win32
		{59778CBF-CDFF-47C7-8DDB-869DFAEBB74C}.Debug|Mixed Platforms.ActiveCfg = Unicode Release|Win32
		{59778CBF-CDFF-47C7-8DDB-869DFAEBB74C}.Debug|Mixed Platforms.Build.0 = Unicode Release|Win32
		{59778CBF-CDFF-47C7-8DDB-869DFAEBB74C}.Debug|Win32.ActiveCfg = Unicode Debug|Win32
		{59778CBF-CDFF-47C7-8DDB-869DFAEBB74C}.Debug|Win32.Build.0 = Unicode Debug|Win32
		{59778CBF-CDFF-47C7-8DDB-869DFAEBB74C}.Release|Any CPU.ActiveCfg = Unicode Release|Win32
		{59778CBF-CDFF-47C7-8DDB-869DFAEBB74C}.Release|Mixed Platforms.ActiveCfg = Unicode Release|Win32
		{59778CBF-CDFF-47C7-8DDB-869DFAEBB74C}.Release|Mixed Platforms.Build.0 = Unicode Release|Win32
		{59778CBF-CDFF-47C7-8DDB-869DFAEBB74C}.Release|Win32.ActiveCfg = Unicode Release|Win32
		{59778CBF-CDFF-47C7-8DDB-869DFAEBB74C}.Release|Win32.Build.0 = Unicode Release|Win32
		{59778CBF-CDFF-47C7-8DDB-869DFAEBB74C}.Unicode Debug|Any CPU.ActiveCfg = Unicode Debug|Win32
		{59778CBF-CDFF-47C7-8DDB-869DFAEBB74C}.Unicode Debug|Mixed Platforms.ActiveCfg = Unicode Debug|Win32
		{59778CBF-CDFF-47C7-8DDB-869DFAEBB74C}.Unicode Debug|Mixed Platforms.Build.0 = Unicode Debug|Win32
		{59778CBF-CDFF-47C7-8DDB-869DFAEBB74C}.Unicode Debug|Win32.ActiveCfg = Unicode Debug|Win32
		{59778CBF-CDFF-47C7-8DDB-869DFAEBB74C}.Unicode Debug|Win32.Build.0 = Unicode Debug|Win32
		{59778CBF-CDFF-47C7-8DDB-869DFAEBB74C}.Unicode Release|Any CPU.ActiveCfg = Unicode Release|Win32
		{59778CBF-CDFF-47C7-8DDB-869DFAEBB74C}.Unicode Release|Mixed Platforms.ActiveCfg = Unicode Release|Win32
		{59778CBF-CDFF-47C7-8DDB-869DFAEBB74C}.Unicode Release|Mixed Platforms.Build.0 = Unicode Release|Win32
		{59778CBF-CDFF-47C7-8DDB-869DFAEBB74C}.Unicode Release|Win32.ActiveCfg = Unicode Release|Win32
		{59778CBF-CDFF-47C7-8DDB-869DFAEBB74C}.Unicode Release|Win32.Build.0 = Unicode Release|Win32
		{7C4F4DB1-BA58-4658-86ED-647CF4E9359E}.Debug|Any CPU.ActiveCfg = Unicode Release|Win32
		{7C4F4DB1-BA58-4658-86ED-647CF4E9359E}.Debug|Mixed Platforms.ActiveCfg = Unicode Release|Win32
		{7C4F4DB1-BA58-4658-86ED-647CF4E9359E}.Debug|Mixed Platforms.Build.0 = Unicode Release|Win32
		{7C4F4DB1-BA58-4658-86ED-647CF4E9359E}.Debug|Win32.ActiveCfg = Unicode Debug|Win32
		{7C4F4DB1-BA58-4658-86ED-647CF4E9359E}.Debug|Win32.Build.0 = Unicode Debug|Win32
		{7C4F4DB1-BA58-4658-86ED-647CF4E9359E}.Release|Any CPU.ActiveCfg = Unicode Release|Win32
		{7C4F4DB1-BA58-4658-86ED-647CF4E9359E}.Release|Mixed Platforms.ActiveCfg = Unicode Release|Win32
		{7C4F4DB1-BA58-4658-86ED-647CF4E9359E}.Release|Mixed Platforms.Build.0 = Unicode Release|Win32
		{7C4F4DB1-BA58-4658-86ED-647CF4E9359E}.Release|Win32.ActiveCfg = Unicode Release|Win32
		{7C4F4DB1-BA58-4658-86ED-647CF4E9359E}.Release|Win32.Build.0 = Unicode Release|Win32
		{7C4F4DB1-BA58-4658-86ED-647CF4E9359E}.Unicode Debug|Any CPU.ActiveCfg = Unicode Debug|Win32
		{7C4F4DB1-BA58-4658-86ED-647CF4E9359E}.Unicode Debug|Mixed Platforms.ActiveCfg = Unicode Debug|Win32
		{7C4F4DB1-BA58-4658-86ED-647CF4E9359E}.Unicode Debug|Mixed Platforms.Build.0 = Unicode Debug|Win32
		{7C4F4DB1-BA58-4658-86ED-647CF4E9359E}.Unicode Debug|Win32.ActiveCfg = Unicode Debug|Win32
		{7C4F4DB1-BA58-4658-86ED-647CF4E9359E}.Unicode Debug|Win32.Build.0 = Unicode Debug|Win32
		{7C4F4DB1-BA58-4658-86ED-647CF4E9359E}.Unicode Release|Any CPU.ActiveCfg = Unicode Release|Win32
		{7C4F4DB1-BA58-4658-86ED-647CF4E9359E}.Unicode Release|Mixed Platforms.ActiveCfg = Unicode Release|Win32
		{7C4F4DB1-BA58-4658-86ED-647CF4E9359E}.Unicode Release|Mixed Platforms.Build.0 = Unicode Release|Win32
		{7C4F4DB1-BA58-4658-86ED-647CF4E9359E}.Unicode Release|Win32.ActiveCfg = Unicode Release|Win32
		{7C4F4DB1-BA58-4658-86ED-647CF4E9359E}.Unicode Release|Win32.Build.0 = Unicode Release|Win32
		{938EB160-E401-46AF-A7E6-E5EC5EE7B176}.Debug|Any CPU.ActiveCfg = Unicode Release|Win32
		{938EB160-E401-46AF-A7E6-E5EC5EE7B176}.Debug|Mixed Platforms.ActiveCfg = Unicode Release|Win32
		{938EB160-E401-46AF-A7E6-E5EC5EE7B176}.Debug|Mixed Platforms.Build.0 = Unicode Release|Win32
		{938EB160-E401-46AF-A7E6-E5EC5EE7B176}.Debug|Win32.ActiveCfg = Unicode Debug|Win32
		{938EB160-E401-46AF-A7E6-E5EC5EE7B176}.Debug|Win32.Build.0 = Unicode Debug|Win32
		{938EB160-E401-46AF-A7E6-E5EC5EE7B176}.Release|Any CPU.ActiveCfg = Unicode Release|Win32
		{938EB160-E401-46AF-A7E6-E5EC5EE7B176}.Release|Mixed Platforms.ActiveCfg = Unicode Release|Win32
		{938EB160-E401-46AF-A7E6-E5EC5EE7B176}.Release|Mixed Platforms.Build.0 = Unicode Release|Win32
		{938EB160-E401-46AF-A7E6-E5EC5EE7B176}.Release|Win32.ActiveCfg = Unicode Release|Win32
		{938EB160-E401-46AF-A7E6-E5EC5EE7B176}.Release|Win32.Build.0 = Unicode Release|Win32
		{938EB160-E401-46AF-A7E6-E5EC5EE7B176}.Unicode Debug|Any CPU.ActiveCfg = Unicode Debug|Win32
		{938EB160-E401-46AF-A7E6-E5EC5EE7B176}.Unicode Debug|Mixed Platforms.ActiveCfg = Unicode Debug|Win32
		{938EB160-E401-46AF-A7E6-E5EC5EE7B176}.Unicode Debug|Mixed Platforms.Build.0 = Unicode Debug|Win32
		{938EB160-E401-46AF-A7E6-E5EC5EE7B176}.Unicode Debug|Win32.ActiveCfg = Unicode Debug|Win32
		{938EB160-E401-46AF-A7E6-E5EC5EE7B176}.Unicode Debug|Win32.Build.0 = Unicode Debug|Win32
		{938EB160-E401-46AF-A7E6-E5EC5EE7B176}.Unicode Release|Any CPU.ActiveCfg = Unicode Release|Win32
		{938EB160-E401-46AF-A7E6-E5EC5EE7B176}.Unicode Release|Mixed Platforms.ActiveCfg = Unicode Release|Win32
		{938EB160-E401-46AF-A7E6-E5EC5EE7B176}.Unicode Release|Mixed Platforms.Build.0 = Unicode Release|Win32
		{938EB160-E401-46AF-A7E6-E5EC5EE7B176}.Unicode Release|Win32.ActiveCfg = Unicode Release|Win32
		{938EB160-E401-46AF-A7E6-E5EC5EE7B176}.Unicode Release|Win32.Build.0 = Unicode Release|Win32
		{CB9F1BC5-FF8C-4946-B8CE-ED8233A61D82}.Debug|Any CPU.ActiveCfg = Unicode Release|Win32
		{CB9F1BC5-FF8C-4946-B8CE-ED8233A61D82}.Debug|Mixed Platforms.ActiveCfg = Unicode Release|Win32
		{CB9F1BC5-FF8C-4946-B8CE-ED8233A61D82}.Debug|Mixed Platforms.Build.0 = Unicode Release|Win32
		{CB9F1BC5-FF8C-4946-B8CE-ED8233A61D82}.Debug|Win32.ActiveCfg = Unicode Debug|Win32
		{CB9F1BC5-FF8C-4946-B8CE-ED8233A61D82}.Debug|Win32.Build.0 = Unicode Debug|Win32
		{CB9F1BC5-FF8C-4946-B8CE-ED8233A61D82}.Release|Any CPU.ActiveCfg = Unicode Release|Win32
		{CB9F1BC5-FF8C-4946-B8CE-ED8233A61D82}.Release|Mixed Platforms.ActiveCfg = Unicode Release|Win32
		{CB9F1BC5-FF8C-4946-B8CE-ED8233A61D82}.Release|Mixed Platforms.Build.0 = Unicode Release|Win32
		{CB9F1BC5-FF8C-4946-B8CE-ED8233A61D82}.Release|Win32.ActiveCfg = Unicode Release|Win32
		{CB9F1BC5-FF8C-4946-B8CE-ED8233A61D82}.Release|Win32.Build.0 = Unicode Release|Win32
		{CB9F1BC5-FF8C-4946-B8CE-ED8233A61D82}.Unicode Debug|Any CPU.ActiveCfg = Unicode Debug|Win32
		{CB9F1BC5-FF8C-4946-B8CE-ED8233A61D82}.Unicode Debug|Mixed Platforms.ActiveCfg = Unicode Debug|Win32
		{CB9F1BC5-FF8C-4946-B8CE-ED8233A61D82}.Unicode Debug|Mixed Platforms.Build.0 = Unicode Debug|Win32
		{CB9F1BC5-FF8C-4946-B8CE-ED8233A61D82}.Unicode Debug|Win32.ActiveCfg = Unicode Debug|Win32
		{CB9F1BC5-FF8C-4946-B8CE-ED8233A61D82}.Unicode Debug|Win32.Build.0 = Unicode Debug|Win32
		{CB9F1BC5-FF8C-4946-B8CE-ED8233A61D82}.Unicode Release|Any CPU.ActiveCfg = Unicode Release|Win32
		{CB9F1BC5-FF8C-4946-B8CE-ED8233A61D82}.Unicode Release|Mixed Platforms.ActiveCfg = Unicode Release|Win32
		{CB9F1BC5-FF8C-4946-B8CE-ED8233A61D82}.Unicode Release|Mixed Platforms.Build.0 = Unicode Release|Win32
		{CB9F1BC5-FF8C-4946-B8CE-ED8233A61D82}.Unicode Release|Win32.ActiveCfg = Unicode Release|Win32
		{CB9F1BC5-FF8C-4946-B8CE-ED8233A61D82}.Unicode Release|Win32.Build.0 = Unicode Release|Win32
		{409F2BB2-278A-4EA3-82C2-C33CCB2C2F65}.Debug|Any CPU.ActiveCfg = Unicode Release|Win32
		{409F2BB2-278A-4EA3-82C2-C33CCB2C2F65}.Debug|Mixed Platforms.ActiveCfg = Unicode Release|Win32
		{409F2BB2-278A-4EA3-82C2-C33CCB2C2F65}.Debug|Mixed Platforms.Build.0 = Unicode Release|Win32
		{409F2BB2-278A-4EA3-82C2-C33CCB2C2F65}.Debug|Win32.ActiveCfg = Unicode Debug|Win32
		{409F2BB2-278A-4EA3-82C2-C33CCB2C2F65}.Debug|Win32.Build.0 = Unicode Debug|Win32
		{409F2BB2-278A-4EA3-82C2-C33CCB2C2F65}.Release|Any CPU.ActiveCfg = Unicode Release|Win32
		{409F2BB2-278A-4EA3-82C2-C33CCB2C2F65}.Release|Mixed Platforms.ActiveCfg = Unicode Release|Win32
		{409F2BB2-278A-4EA3-82C2-C33CCB2C2F65}.Release|Mixed Platforms.Build.0 = Unicode Release|Win32
		{409F2BB2-278A-4EA3-82C2-C33CCB2C2F65}.Release|Win32.ActiveCfg = Unicode Release|Win32
		{409F2BB2-278A-4EA3-82C2-C33CCB2C2F65}.Release|Win32.Build.0 = Unicode Release|Win32
		{409F2BB2-278A-4EA3-82C2-C33CCB2C2F65}.Unicode Debug|Any CPU.ActiveCfg = Unicode Debug|Win32
		{409F2BB2-278A-4EA3-82C2-C33CCB2C2F65}.Unicode Debug|Mixed Platforms.ActiveCfg = Unicode Debug|Win32
		{409F2BB2-278A-4EA3-82C2-C33CCB2C2F65}.Unicode Debug|Mixed Platforms.Build.0 = Unicode Debug|Win32
		{409F2BB2-278A-4EA3-82C2-C33CCB2C2F65}.Unicode Debug|Win32.ActiveCfg = Unicode Debug|Win32
		{409F2BB2-278A-4EA3-82C2-C33CCB2C2F65}.Unicode Debug|Win32.Build.0 = Unicode Debug|Win32
		{409F2BB2-278A-4EA3-82C2-C33CCB2C2F65}.Unicode Release|Any CPU.ActiveCfg = Unicode Release|Win32
		{409F2BB2-278A-4EA3-82C2-C33CCB2C2F65}.Unicode Release|Mixed Platforms.ActiveCfg = Unicode Release|Win32
		{409F2BB2-278A-4EA3-82C2-C33CCB2C2F65}.Unicode Release|Mixed Platforms.Build.0 = Unicode Release|Win32
		{409F2BB2-278A-4EA3-82C2-C33CCB2C2F65}.Unicode Release|Win32.ActiveCfg = Unicode Release|Win32
		{409F2BB2-278A-4EA3-82C2-C33CCB2C2F65}.Unicode Release|Win32.Build.0 = Unicode Release|Win32
		{9759D3E9-1315-4FBF-BD0E-3DA15A24BF01}.Debug|Any CPU.ActiveCfg = Unicode Release|Win32
		{9759D3E9-1315-4FBF-BD0E-3DA15A24BF01}.Debug|Mixed Platforms.ActiveCfg = Unicode Release|Win32
		{9759D3E9-1315-4FBF-BD0E-3DA15A24BF01}.Debug|Mixed Platforms.Build.0 = Unicode Release|Win32
		{9759D3E9-1315-4FBF-BD0E-3DA15A24BF01}.Debug|Win32.ActiveCfg = Unicode Debug|Win32
		{9759D3E9-1315-4FBF-BD0E-3DA15A24BF01}.Debug|Win32.Build.0 = Unicode Debug|Win32
		{9759D3E9-1315-4FBF-BD0E-3DA15A24BF01}.Release|Any CPU.ActiveCfg = Unicode Release|Win32
		{9759D3E9-1315-4FBF-BD0E-3DA15A24BF01}.Release|Mixed Platforms.ActiveCfg = Unicode Release|Win32
		{9759D3E9-1315-4FBF-BD0E-3DA15A24BF01}.Release|Mixed Platforms.Build.0 = Unicode Release|Win32
		{9759D3E9-1315-4FBF-BD0E-3DA15A24BF01}.Release|Win32.ActiveCfg = Unicode Release|Win32
		{9759D3E9-1315-4FBF-BD0E-3DA15A24BF01}.Release|Win32.Build.0 = Unicode Release|Win32
		{9759D3E9-1315-4FBF-BD0E-3DA15A24BF01}.Unicode Debug|Any CPU.ActiveCfg = Unicode Debug|Win32
		{9759D3E9-1315-4FBF-BD0E-3DA15A24BF01}.Unicode Debug|Mixed Platforms.ActiveCfg = Unicode Debug|Win32
		{9759D3E9-1315-4FBF-BD0E-3DA15A24BF01}.Unicode Debug|Mixed Platforms.Build.0 = Unicode Debug|Win32
		{9759D3E9-1315-4FBF-BD0E-3DA15A24BF01}.Unicode Debug|Win32.ActiveCfg = Unicode Debug|Win32
		{9759D3E9-1315-4FBF-BD0E-3DA15A24BF01}.Unicode Debug|Win32.Build.0 = Unicode Debug|Win32
		{9759D3E9-1315-4FBF-BD0E-3DA15A24BF01}.Unicode Release|Any CPU.ActiveCfg = Unicode Release|Win32
		{9759D3E9-1315-4FBF-BD0E-3DA15A24BF01}.Unicode Release|Mixed Platforms.ActiveCfg = Unicode Release|Win32
		{9759D3E9-1315-4FBF-BD0E-3DA15A24BF01}.Unicode Release|Mixed Platforms.Build.0 = Unicode Release|Win32
		{9759D3E9-1315-4FBF-BD0E-3DA15A24BF01}.Unicode Release|Win32.ActiveCfg = Unicode Release|Win32
		{9759D3E9-1315-4FBF-BD0E-3DA15A24BF01}.Unicode Release|Win32.Build.0 = Unicode Release|Win32
		{BD547361-F943-43BA-9F54-36F862004ABA}.Debug|Any CPU.ActiveCfg = Unicode Release|Win32
		{BD547361-F943-43BA-9F54-36F862004ABA}.Debug|Mixed Platforms.ActiveCfg = Unicode Release|Win32
		{BD547361-F943-43BA-9F54-36F862004ABA}.Debug|Mixed Platforms.Build.0 = Unicode Release|Win32
		{BD547361-F943-43BA-9F54-36F862004ABA}.Debug|Win32.ActiveCfg = Unicode Debug|Win32
		{BD547361-F943-43BA-9F54-36F862004ABA}.Debug|Win32.Build.0 = Unicode Debug|Win32
		{BD547361-F943-43BA-9F54-36F862004ABA}.Release|Any CPU.ActiveCfg = Unicode Release|Win32
		{BD547361-F943-43BA-9F54-36F862004ABA}.Release|Mixed Platforms.ActiveCfg = Unicode Release|Win32
		{BD547361-F943-43BA-9F54-36F862004ABA}.Release|Mixed Platforms.Build.0 = Unicode Release|Win32
		{BD547361-F943-43BA-9F54-36F862004ABA}.Release|Win32.ActiveCfg = Unicode Release|Win32
		{BD547361-F943-43BA-9F54-36F862004ABA}.Release|Win32.Build.0 = Unicode Release|Win32
		{BD547361-F943-43BA-9F54-36F862004ABA}.Unicode Debug|Any CPU.ActiveCfg = Unicode Debug|Win32
		{BD547361-F943-43BA-9F54-36F862004ABA}.Unicode Debug|Mixed Platforms.ActiveCfg = Unicode Debug|Win32
		{BD547361-F943-43BA-9F54-36F862004ABA}.Unicode Debug|Mixed Platforms.Build.0 = Unicode Debug|Win32
		{BD547361-F943-43BA-9F54-36F862004ABA}.Unicode Debug|Win32.ActiveCfg = Unicode Debug|Win32
		{BD547361-F943-43BA-9F54-36F862004ABA}.Unicode Debug|Win32.Build.0 = Unicode Debug|Win32
		{BD547361-F943-43BA-9F54-36F862004ABA}.Unicode Release|Any CPU.ActiveCfg = Unicode Release|Win32
		{BD547361-F943-43BA-9F54-36F862004ABA}.Unicode Release|Mixed Platforms.ActiveCfg = Unicode Release|Win32
		{BD547361-F943-43BA-9F54-36F862004ABA}.Unicode Release|Mixed Platforms.Build.0 = Unicode Release|Win32
		{BD547361-F943-43BA-9F54-36F862004ABA}.Unicode Release|Win32.ActiveCfg = Unicode Release|Win32
		{BD547361-F943-43BA-9F54-36F862004ABA}.Unicode Release|Win32.Build.0 = Unicode Release|Win32
		{F09716A6-54CD-4989-A25A-272D85924018}.Debug|Any CPU.ActiveCfg = Unicode Release|Win32
		{F09716A6-54CD-4989-A25A-272D85924018}.Debug|Mixed Platforms.ActiveCfg = Unicode Release|Win32
		{F09716A6-54CD-4989-A25A-272D85924018}.Debug|Mixed Platforms.Build.0 = Unicode Release|Win32
		{F09716A6-54CD-4989-A25A-272D85924018}.Debug|Win32.ActiveCfg = Unicode Debug|Win32
		{F09716A6-54CD-4989-A25A-272D85924018}.Debug|Win32.Build.0 = Unicode Debug|Win32
		{F09716A6-54CD-4989-A25A-272D85924018}.Release|Any CPU.ActiveCfg = Unicode Release|Win32
		{F09716A6-54CD-4989-A25A-272D85924018}.Release|Mixed Platforms.ActiveCfg = Unicode Release|Win32
		{F09716A6-54CD-4989-A25A-272D85924018}.Release|Mixed Platforms.Build.0 = Unicode Release|Win32
		{F09716A6-54CD-4989-A25A-272D85924018}.Release|Win32.ActiveCfg = Unicode Release|Win32
		{F09716A6-54CD-4989-A25A-272D85924018}.Release|Win32.Build.0 = Unicode Release|Win32
		{F09716A6-54CD-4989-A25A-272D85924018}.Unicode Debug|Any CPU.ActiveCfg = Unicode Debug|Win32
		{F09716A6-54CD-4989-A25A-272D85924018}.Unicode Debug|Mixed Platforms.ActiveCfg = Unicode Debug|Win32
		{F09716A6-54CD-4989-A25A-272D85924018}.Unicode Debug|Mixed Platforms.Build.0 = Unicode Debug|Win32
		{F09716A6-54CD-4989-A25A-272D85924018}.Unicode Debug|Win32.ActiveCfg = Unicode Debug|Win32
		{F09716A6-54CD-4989-A25A-272D85924018}.Unicode Debug|Win32.Build.0 = Unicode Debug|Win32
		{F09716A6-54CD-4989-A25A-272D85924018}.Unicode Release|Any CPU.ActiveCfg = Unicode Release|Win32
		{F09716A6-54CD-4989-A25A-272D85924018}.Unicode Release|Mixed Platforms.ActiveCfg = Unicode Release|Win32
		{F09716A6-54CD-4989-A25A-272D85924018}.Unicode Release|Mixed Platforms.Build.0 = Unicode Release|Win32
		{F09716A6-54CD-4989-A25A-272D85924018}.Unicode Release|Win32.ActiveCfg = Unicode Release|Win32
		{F09716A6-54CD-4989-A25A-272D85924018}.Unicode Release|Win32.Build.0 = Unicode Release|Win32
		{F419196B-39D1-4A58-A90F-3963B4872464}.Debug|Any CPU.ActiveCfg = Unicode Release|Win32
		{F419196B-39D1-4A58-A90F-3963B4872464}.Debug|Mixed Platforms.ActiveCfg = Unicode Release|Win32
		{F419196B-39D1-4A58-A90F-3963B4872464}.Debug|Mixed Platforms.Build.0 = Unicode Release|Win32
		{F419196B-39D1-4A58-A90F-3963B4872464}.Debug|Win32.ActiveCfg = Unicode Debug|Win32
		{F419196B-39D1-4A58-A90F-3963B4872464}.Debug|Win32.Build.0 = Unicode Debug|Win32
		{F419196B-39D1-4A58-A90F-3963B4872464}.Release|Any CPU.ActiveCfg = Unicode Release|Win32
		{F419196B-39D1-4A58-A90F-3963B4872464}.Release|Mixed Platforms.ActiveCfg = Unicode Release|Win32
		{F419196B-39D1-4A58-A90F-3963B4872464}.Release|Mixed Platforms.Build.0 = Unicode Release|Win32
		{F419196B-39D1-4A58-A90F-3963B4872464}.Release|Win32.ActiveCfg = Unicode Release|Win32
		{F419196B-39D1-4A58-A90F-3963B4872464}.Release|Win32.Build.0 = Unicode Release|Win32
		{F419196B-39D1-4A58-A90F-3963B4872464}.Unicode Debug|Any CPU.ActiveCfg = Unicode Debug|Win32
		{F419196B-39D1-4A58-A90F-3963B4872464}.Unicode Debug|Mixed Platforms.ActiveCfg = Unicode Debug|Win32
		{F419196B-39D1-4A58-A90F-3963B4872464}.Unicode Debug|Mixed Platforms.Build.0 = Unicode Debug|Win32
		{F419196B-39D1-4A58-A90F-3963B4872464}.Unicode Debug|Win32.ActiveCfg = Unicode Debug|Win32
		{F419196B-39D1-4A58-A90F-3963B4872464}.Unicode Debug|Win32.Build.0 = Unicode Debug|Win32
		{F419196B-39D1-4A58-A90F-3963B4872464}.Unicode Release|Any CPU.ActiveCfg = Unicode Release|Win32
		{F419196B-39D1-4A58-A90F-3963B4872464}.Unicode Release|Mixed Platforms.ActiveCfg = Unicode Release|Win32
		{F419196B-39D1-4A58-A90F-3963B4872464}.Unicode Release|Mixed Platforms.Build.0 = Unicode Release|Win32
		{F419196B-39D1-4A58-A90F-3963B4872464}.Unicode Release|Win32.ActiveCfg = Unicode Release|Win32
		{F419196B-39D1-4A58-A90F-3963B4872464}.Unicode Release|Win32.Build.0 = Unicode Release|Win32
		{470A429A-CBE2-46AF-9794-92E2868569CD}.Debug|Any CPU.ActiveCfg = Unicode Release|Win32
		{470A429A-CBE2-46AF-9794-92E2868569CD}.Debug|Mixed Platforms.ActiveCfg = Unicode Release|Win32
		{470A429A-CBE2-46AF-9794-92E2868569CD}.Debug|Mixed Platforms.Build.0 = Unicode Release|Win32
		{470A429A-CBE2-46AF-9794-92E2868569CD}.Debug|Win32.ActiveCfg = Unicode Debug|Win32
		{470A429A-CBE2-46AF-9794-92E2868569CD}.Debug|Win32.Build.0 = Unicode Debug|Win32
		{470A429A-CBE2-46AF-9794-92E2868569CD}.Release|Any CPU.ActiveCfg = Unicode Release|Win32
		{470A429A-CBE2-46AF-9794-92E2868569CD}.Release|Mixed Platforms.ActiveCfg = Unicode Release|Win32
		{470A429A-CBE2-46AF-9794-92E2868569CD}.Release|Mixed Platforms.Build.0 = Unicode Release|Win32
		{470A429A-CBE2-46AF-9794-92E2868569CD}.Release|Win32.ActiveCfg = Unicode Release|Win32
		{470A429A-CBE2-46AF-9794-92E2868569CD}.Release|Win32.Build.0 = Unicode Release|Win32
		{470A429A-CBE2-46AF-9794-92E2868569CD}.Unicode Debug|Any CPU.ActiveCfg = Unicode Debug|Win32
		{470A429A-CBE2-46AF-9794-92E2868569CD}.Unicode Debug|Mixed Platforms.ActiveCfg = Unicode Debug|Win32
		{470A429A-CBE2-46AF-9794-92E2868569CD}.Unicode Debug|Mixed Platforms.Build.0 = Unicode Debug|Win32
		{470A429A-CBE2-46AF-9794-92E2868569CD}.Unicode Debug|Win32.ActiveCfg = Unicode Debug|Win32
		{470A429A-CBE2-46AF-9794-92E2868569CD}.Unicode Debug|Win32.Build.0 = Unicode Debug|Win32
		{470A429A-CBE2-46AF-9794-92E2868569CD}.Unicode Release|Any CPU.ActiveCfg = Unicode Release|Win32
		{470A429A-CBE2-46AF-9794-92E2868569CD}.Unicode Release|Mixed Platforms.ActiveCfg = Unicode Release|Win32
		{470A429A-CBE2-46AF-9794-92E2868569CD}.Unicode Release|Mixed Platforms.Build.0 = Unicode Release|Win32
		{470A429A-CBE2-46AF-9794-92E2868569CD}.Unicode Release|Win32.ActiveCfg = Unicode Release|Win32
		{470A429A-CBE2-46AF-9794-92E2868569CD}.Unicode Release|Win32.Build.0 = Unicode Release|Win32
		{971A4209-8A43-4ADC-AACE-802462128D33}.Debug|Any CPU.ActiveCfg = Unicode Release|Win32
		{971A4209-8A43-4ADC-AACE-802462128D33}.Debug|Mixed Platforms.ActiveCfg = Unicode Release|Win32
		{971A4209-8A43-4ADC-AACE-802462128D33}.Debug|Mixed Platforms.Build.0 = Unicode Release|Win32
		{971A4209-8A43-4ADC-AACE-802462128D33}.Debug|Win32.ActiveCfg = Unicode Debug|Win32
		{971A4209-8A43-4ADC-AACE-802462128D33}.Debug|Win32.Build.0 = Unicode Debug|Win32
		{971A4209-8A43-4ADC-AACE-802462128D33}.Release|Any CPU.ActiveCfg = Unicode Release|Win32
		{971A4209-8A43-4ADC-AACE-802462128D33}.Release|Mixed Platforms.ActiveCfg = Unicode Release|Win32
		{971A4209-8A43-4ADC-AACE-802462128D33}.Release|Mixed Platforms.Build.0 = Unicode Release|Win32
		{971A4209-8A43-4ADC-AACE-802462128D33}.Release|Win32.ActiveCfg = Unicode Release|Win32
		{971A4209-8A43-4ADC-AACE-802462128D33}.Release|Win32.Build.0 = Unicode Release|Win32
		{971A4209-8A43-4ADC-AACE-802462128D33}.Unicode Debug|Any CPU.ActiveCfg = Unicode Debug|Win32
		{971A4209-8A43-4ADC-AACE-802462128D33}.Unicode Debug|Mixed Platforms.ActiveCfg = Unicode Debug|Win32
		{971A4209-8A43-4ADC-AACE-802462128D33}.Unicode Debug|Mixed Platforms.Build.0 = Unicode Debug|Win32
		{971A4209-8A43-4ADC-AACE-802462128D33}.Unicode Debug|Win32.ActiveCfg = Unicode Debug|Win32
		{971A4209-8A43-4ADC-AACE-802462128D33}.Unicode Debug|Win32.Build.0 = Unicode Debug|Win32
		{971A4209-8A43-4ADC-AACE-802462128D33}.Unicode Release|Any CPU.ActiveCfg = Unicode Release|Win32
		{971A4209-8A43-4ADC-AACE-802462128D33}.Unicode Release|Mixed Platforms.ActiveCfg = Unicode Release|Win32
		{971A4209-8A43-4ADC-AACE-802462128D33}.Unicode Release|Mixed Platforms.Build.0 = Unicode Release|Win32
		{971A4209-8A43-4ADC-AACE-802462128D33}.Unicode Release|Win32.ActiveCfg = Unicode Release|Win32
		{971A4209-8A43-4ADC-AACE-802462128D33}.Unicode Release|Win32.Build.0 = Unicode Release|Win32
		{7379A7A0-2652-47FA-8E65-24FCCF826089}.Debug|Any CPU.ActiveCfg = Unicode Release|Win32
		{7379A7A0-2652-47FA-8E65-24FCCF826089}.Debug|Mixed Platforms.ActiveCfg = Unicode Release|Win32
		{7379A7A0-2652-47FA-8E65-24FCCF826089}.Debug|Mixed Platforms.Build.0 = Unicode Release|Win32
		{7379A7A0-2652-47FA-8E65-24FCCF826089}.Debug|Win32.ActiveCfg = Unicode Debug|Win32
		{7379A7A0-2652-47FA-8E65-24FCCF826089}.Debug|Win32.Build.0 = Unicode Debug|Win32
		{7379A7A0-2652-47FA-8E65-24FCCF826089}.Release|Any CPU.ActiveCfg = Unicode Release|Win32
		{7379A7A0-2652-47FA-8E65-24FCCF826089}.Release|Mixed Platforms.ActiveCfg = Unicode Release|Win32
		{7379A7A0-2652-47FA-8E65-24FCCF826089}.Release|Mixed Platforms.Build.0 = Unicode Release|Win32
		{7379A7A0-2652-47FA-8E65-24FCCF826089}.Release|Win32.ActiveCfg = Unicode Release|Win32
		{7379A7A0-2652-47FA-8E65-24FCCF826089}.Release|Win32.Build.0 = Unicode Release|Win32
		{7379A7A0-2652-47FA-8E65-24FCCF826089}.Unicode Debug|Any CPU.ActiveCfg = Unicode Debug|Win32
		{7379A7A0-2652-47FA-8E65-24FCCF826089}.Unicode Debug|Mixed Platforms.ActiveCfg = Unicode Debug|Win32
		{7379A7A0-2652-47FA-8E65-24FCCF826089}.Unicode Debug|Mixed Platforms.Build.0 = Unicode Debug|Win32
		{7379A7A0-2652-47FA-8E65-24FCCF826089}.Unicode Debug|Win32.ActiveCfg = Unicode Debug|Win32
		{7379A7A0-2652-47FA-8E65-24FCCF826089}.Unicode Debug|Win32.Build.0 = Unicode Debug|Win32
		{7379A7A0-2652-47FA-8E65-24FCCF826089}.Unicode Release|Any CPU.ActiveCfg = Unicode Release|Win32
		{7379A7A0-2652-47FA-8E65-24FCCF826089}.Unicode Release|Mixed Platforms.ActiveCfg = Unicode Release|Win32
		{7379A7A0-2652-47FA-8E65-24FCCF826089}.Unicode Release|Mixed Platforms.Build.0 = Unicode Release|Win32
		{7379A7A0-2652-47FA-8E65-24FCCF826089}.Unicode Release|Win32.ActiveCfg = Unicode Release|Win32
		{7379A7A0-2652-47FA-8E65-24FCCF826089}.Unicode Release|Win32.Build.0 = Unicode Release|Win32
		{D4E19198-EB43-468D-A231-BDA411A1D33C}.Debug|Any CPU.ActiveCfg = Unicode Release|Win32
		{D4E19198-EB43-468D-A231-BDA411A1D33C}.Debug|Mixed Platforms.ActiveCfg = Unicode Release|Win32
		{D4E19198-EB43-468D-A231-BDA411A1D33C}.Debug|Mixed Platforms.Build.0 = Unicode Release|Win32
		{D4E19198-EB43-468D-A231-BDA411A1D33C}.Debug|Win32.ActiveCfg = Unicode Debug|Win32
		{D4E19198-EB43-468D-A231-BDA411A1D33C}.Debug|Win32.Build.0 = Unicode Debug|Win32
		{D4E19198-EB43-468D-A231-BDA411A1D33C}.Release|Any CPU.ActiveCfg = Unicode Release|Win32
		{D4E19198-EB43-468D-A231-BDA411A1D33C}.Release|Mixed Platforms.ActiveCfg = Unicode Release|Win32
		{D4E19198-EB43-468D-A231-BDA411A1D33C}.Release|Mixed Platforms.Build.0 = Unicode Release|Win32
		{D4E19198-EB43-468D-A231-BDA411A1D33C}.Release|Win32.ActiveCfg = Unicode Release|Win32
		{D4E19198-EB43-468D-A231-BDA411A1D33C}.Release|Win32.Build.0 = Unicode Release|Win32
		{D4E19198-EB43-468D-A231-BDA411A1D33C}.Unicode Debug|Any CPU.ActiveCfg = Unicode Debug|Win32
		{D4E19198-EB43-468D-A231-BDA411A1D33C}.Unicode Debug|Mixed Platforms.ActiveCfg = Unicode Debug|Win32
		{D4E19198-EB43-468D-A231-BDA411A1D33C}.Unicode Debug|Mixed Platforms.Build.0 = Unicode Debug|Win32
		{D4E19198-EB43-468D-A231-BDA411A1D33C}.Unicode Debug|Win32.ActiveCfg = Unicode Debug|Win32
		{D4E19198-EB43-468D-A231-BDA411A1D33C}.Unicode Debug|Win32.Build.0 = Unicode Debug|Win32
		{D4E19198-EB43-468D-A231-BDA411A1D33C}.Unicode Release|Any CPU.ActiveCfg = Unicode Release|Win32
		{D4E19198-EB43-468D-A231-BDA411A1D33C}.Unicode Release|Mixed Platforms.ActiveCfg = Unicode Release|Win32
		{D4E19198-EB43-468D-A231-BDA411A1D33C}.Unicode Release|Mixed Platforms.Build.0 = Unicode Release|Win32
		{D4E19198-EB43-468D-A231-BDA411A1D33C}.Unicode Release|Win32.ActiveCfg = Unicode Release|Win32
		{D4E19198-EB43-468D-A231-BDA411A1D33C}.Unicode Release|Win32.Build.0 = Unicode Release|Win32
		{CA8AAB4A-BC98-446B-84BA-E0E9DA8713EB}.Debug|Any CPU.ActiveCfg = Unicode Release|Win32
		{CA8AAB4A-BC98-446B-84BA-E0E9DA8713EB}.Debug|Mixed Platforms.ActiveCfg = Unicode Release|Win32
		{CA8AAB4A-BC98-446B-84BA-E0E9DA8713EB}.Debug|Mixed Platforms.Build.0 = Unicode Release|Win32
		{CA8AAB4A-BC98-446B-84BA-E0E9DA8713EB}.Debug|Win32.ActiveCfg = Unicode Debug|Win32
		{CA8AAB4A-BC98-446B-84BA-E0E9DA8713EB}.Debug|Win32.Build.0 = Unicode Debug|Win32
		{CA8AAB4A-BC98-446B-84BA-E0E9DA8713EB}.Release|Any CPU.ActiveCfg = Unicode Release|Win32
		{CA8AAB4A-BC98-446B-84BA-E0E9DA8713EB}.Release|Mixed Platforms.ActiveCfg = Unicode Release|Win32
		{CA8AAB4A-BC98-446B-84BA-E0E9DA8713EB}.Release|Mixed Platforms.Build.0 = Unicode Release|Win32
		{CA8AAB4A-BC98-446B-84BA-E0E9DA8713EB}.Release|Win32.ActiveCfg = Unicode Release|Win32
		{CA8AAB4A-BC98-446B-84BA-E0E9DA8713EB}.Release|Win32.Build.0 = Unicode Release|Win32
		{CA8AAB4A-BC98-446B-84BA-E0E9DA8713EB}.Unicode Debug|Any CPU.ActiveCfg = Unicode Debug|Win32
		{CA8AAB4A-BC98-446B-84BA-E0E9DA8713EB}.Unicode Debug|Mixed Platforms.ActiveCfg = Unicode Debug|Win32
		{CA8AAB4A-BC98-446B-84BA-E0E9DA8713EB}.Unicode Debug|Mixed Platforms.Build.0 = Unicode Debug|Win32
		{CA8AAB4A-BC98-446B-84BA-E0E9DA8713EB}.Unicode Debug|Win32.ActiveCfg = Unicode Debug|Win32
		{CA8AAB4A-BC98-446B-84BA-E0E9DA8713EB}.Unicode Debug|Win32.Build.0 = Unicode Debug|Win32
		{CA8AAB4A-BC98-446B-84BA-E0E9DA8713EB}.Unicode Release|Any CPU.ActiveCfg = Unicode Release|Win32
		{CA8AAB4A-BC98-446B-84BA-E0E9DA8713EB}.Unicode Release|Mixed Platforms.ActiveCfg = Unicode Release|Win32
		{CA8AAB4A-BC98-446B-84BA-E0E9DA8713EB}.Unicode Release|Mixed Platforms.Build.0 = Unicode Release|Win32
		{CA8AAB4A-BC98-446B-84BA-E0E9DA8713EB}.Unicode Release|Win32.ActiveCfg = Unicode Release|Win32
		{CA8AAB4A-BC98-446B-84BA-E0E9DA8713EB}.Unicode Release|Win32.Build.0 = Unicode Release|Win32
	EndGlobalSection
	GlobalSection(SolutionProperties) = preSolution
		HideSolutionNode = FALSE
	EndGlobalSection
	GlobalSection(ExtensibilityGlobals) = postSolution
		SDKPath = C:\Program Files\L3\L3SDK\
	EndGlobalSection
EndGlobal
